
Microsoft Visual Studio Solution File, Format Version 12.00
# Visual Studio 15
VisualStudioVersion = 15.0.27130.2036
MinimumVisualStudioVersion = 10.0.40219.1
Project("{2150E333-8FDC-42A3-9474-1A3956D46DE8}") = "Examples", "Examples", "{F35D7759-B001-4A14-A914-5B92066A0CA2}"
EndProject
Project("{9A19103F-16F7-4668-BE54-9A1E7A4F7556}") = "PingPongr", "src\PingPongr\PingPongr.csproj", "{52CCF5D6-3276-4807-8B76-0035865E4DDF}"
EndProject
Project("{9A19103F-16F7-4668-BE54-9A1E7A4F7556}") = "PingPongr.Tests", "src\PingPongr.Tests\PingPongr.Tests.csproj", "{69B41A54-339A-470E-A0C0-52D1CAB5AA9E}"
EndProject
Project("{9A19103F-16F7-4668-BE54-9A1E7A4F7556}") = "Examples.Simple", "examples\Examples.AspNetCore\Examples.Simple.csproj", "{936AFE1C-21F7-4838-9A2E-A71C6EEC5CDD}"
EndProject
Project("{9A19103F-16F7-4668-BE54-9A1E7A4F7556}") = "PingPongr.Extensions.AspNetCore", "src\PingPongr.Extensions.AspNetCore\PingPongr.Extensions.AspNetCore.csproj", "{311EAD07-116A-49DA-B59E-0E7CE4796AEA}"
EndProject
Project("{9A19103F-16F7-4668-BE54-9A1E7A4F7556}") = "PingPongr.Serialization.JsonNet", "src\PingPongr.Serialization.JsonNet\PingPongr.Serialization.JsonNet.csproj", "{22B02045-2C3F-4EF3-82C8-2D4C9B545FA9}"
EndProject
Global
	GlobalSection(SolutionConfigurationPlatforms) = preSolution
		Debug|Any CPU = Debug|Any CPU
		Release|Any CPU = Release|Any CPU
	EndGlobalSection
	GlobalSection(ProjectConfigurationPlatforms) = postSolution
		{52CCF5D6-3276-4807-8B76-0035865E4DDF}.Debug|Any CPU.ActiveCfg = Debug|Any CPU
		{52CCF5D6-3276-4807-8B76-0035865E4DDF}.Debug|Any CPU.Build.0 = Debug|Any CPU
		{52CCF5D6-3276-4807-8B76-0035865E4DDF}.Release|Any CPU.ActiveCfg = Release|Any CPU
		{52CCF5D6-3276-4807-8B76-0035865E4DDF}.Release|Any CPU.Build.0 = Release|Any CPU
		{69B41A54-339A-470E-A0C0-52D1CAB5AA9E}.Debug|Any CPU.ActiveCfg = Debug|Any CPU
		{69B41A54-339A-470E-A0C0-52D1CAB5AA9E}.Debug|Any CPU.Build.0 = Debug|Any CPU
		{69B41A54-339A-470E-A0C0-52D1CAB5AA9E}.Release|Any CPU.ActiveCfg = Release|Any CPU
		{69B41A54-339A-470E-A0C0-52D1CAB5AA9E}.Release|Any CPU.Build.0 = Release|Any CPU
		{936AFE1C-21F7-4838-9A2E-A71C6EEC5CDD}.Debug|Any CPU.ActiveCfg = Debug|Any CPU
		{936AFE1C-21F7-4838-9A2E-A71C6EEC5CDD}.Debug|Any CPU.Build.0 = Debug|Any CPU
		{936AFE1C-21F7-4838-9A2E-A71C6EEC5CDD}.Release|Any CPU.ActiveCfg = Release|Any CPU
		{936AFE1C-21F7-4838-9A2E-A71C6EEC5CDD}.Release|Any CPU.Build.0 = Release|Any CPU
		{311EAD07-116A-49DA-B59E-0E7CE4796AEA}.Debug|Any CPU.ActiveCfg = Debug|Any CPU
		{311EAD07-116A-49DA-B59E-0E7CE4796AEA}.Debug|Any CPU.Build.0 = Debug|Any CPU
		{311EAD07-116A-49DA-B59E-0E7CE4796AEA}.Release|Any CPU.ActiveCfg = Release|Any CPU
		{311EAD07-116A-49DA-B59E-0E7CE4796AEA}.Release|Any CPU.Build.0 = Release|Any CPU
		{22B02045-2C3F-4EF3-82C8-2D4C9B545FA9}.Debug|Any CPU.ActiveCfg = Debug|Any CPU
		{22B02045-2C3F-4EF3-82C8-2D4C9B545FA9}.Debug|Any CPU.Build.0 = Debug|Any CPU
		{22B02045-2C3F-4EF3-82C8-2D4C9B545FA9}.Release|Any CPU.ActiveCfg = Release|Any CPU
		{22B02045-2C3F-4EF3-82C8-2D4C9B545FA9}.Release|Any CPU.Build.0 = Release|Any CPU
	EndGlobalSection
	GlobalSection(SolutionProperties) = preSolution
		HideSolutionNode = FALSE
	EndGlobalSection
	GlobalSection(NestedProjects) = preSolution
		{936AFE1C-21F7-4838-9A2E-A71C6EEC5CDD} = {F35D7759-B001-4A14-A914-5B92066A0CA2}
	EndGlobalSection
	GlobalSection(ExtensibilityGlobals) = postSolution
		SolutionGuid = {537B586C-1872-4204-A6DC-EB3097D11794}
	EndGlobalSection
EndGlobal
